// !$*UTF8*$!
{
	archiveVersion = 1;
	classes = {
	};
	objectVersion = 46;
	objects = {

/* Begin PBXBuildFile section */
		68F1967F1C0EBE4A00D96502 /* AppDelegate.swift in Sources */ = {isa = PBXBuildFile; fileRef = 68F1967E1C0EBE4A00D96502 /* AppDelegate.swift */; };
		68F196811C0EBE4A00D96502 /* ViewController.swift in Sources */ = {isa = PBXBuildFile; fileRef = 68F196801C0EBE4A00D96502 /* ViewController.swift */; };
		68F196841C0EBE4A00D96502 /* Main.storyboard in Resources */ = {isa = PBXBuildFile; fileRef = 68F196821C0EBE4A00D96502 /* Main.storyboard */; };
		68F196861C0EBE4A00D96502 /* Assets.xcassets in Resources */ = {isa = PBXBuildFile; fileRef = 68F196851C0EBE4A00D96502 /* Assets.xcassets */; };
		68F196891C0EBE4A00D96502 /* LaunchScreen.storyboard in Resources */ = {isa = PBXBuildFile; fileRef = 68F196871C0EBE4A00D96502 /* LaunchScreen.storyboard */; };
/* End PBXBuildFile section */

/* Begin PBXFileReference section */
		68F1967B1C0EBE4A00D96502 /* MultipleColor-Label.app */ = {isa = PBXFileReference; explicitFileType = wrapper.application; includeInIndex = 0; path = "MultipleColor-Label.app"; sourceTree = BUILT_PRODUCTS_DIR; };
		68F1967E1C0EBE4A00D96502 /* AppDelegate.swift */ = {isa = PBXFileReference; lastKnownFileType = sourcecode.swift; path = AppDelegate.swift; sourceTree = "<group>"; };
		68F196801C0EBE4A00D96502 /* ViewController.swift */ = {isa = PBXFileReference; lastKnownFileType = sourcecode.swift; path = ViewController.swift; sourceTree = "<group>"; };
		68F196831C0EBE4A00D96502 /* Base */ = {isa = PBXFileReference; lastKnownFileType = file.storyboard; name = Base; path = Base.lproj/Main.storyboard; sourceTree = "<group>"; };
		68F196851C0EBE4A00D96502 /* Assets.xcassets */ = {isa = PBXFileReference; lastKnownFileType = folder.assetcatalog; path = Assets.xcassets; sourceTree = "<group>"; };
		68F196881C0EBE4A00D96502 /* Base */ = {isa = PBXFileReference; lastKnownFileType = file.storyboard; name = Base; path = Base.lproj/LaunchScreen.storyboard; sourceTree = "<group>"; };
		68F1968A1C0EBE4A00D96502 /* Info.plist */ = {isa = PBXFileReference; lastKnownFileType = text.plist.xml; path = Info.plist; sourceTree = "<group>"; };
/* End PBXFileReference section */

/* Begin PBXFrameworksBuildPhase section */
		68F196781C0EBE4A00D96502 /* Frameworks */ = {
			isa = PBXFrameworksBuildPhase;
			buildActionMask = 2147483647;
			files = (
			);
			runOnlyForDeploymentPostprocessing = 0;
		};
/* End PBXFrameworksBuildPhase section */

/* Begin PBXGroup section */
		68F196721C0EBE4A00D96502 = {
			isa = PBXGroup;
			children = (
				68F1967D1C0EBE4A00D96502 /* MultipleColor-Label */,
				68F1967C1C0EBE4A00D96502 /* Products */,
			);
			sourceTree = "<group>";
		};
		68F1967C1C0EBE4A00D96502 /* Products */ = {
			isa = PBXGroup;
			children = (
				68F1967B1C0EBE4A00D96502 /* MultipleColor-Label.app */,
			);
			name = Products;
			sourceTree = "<group>";
		};
		68F1967D1C0EBE4A00D96502 /* MultipleColor-Label */ = {
			isa = PBXGroup;
			children = (
				68F1967E1C0EBE4A00D96502 /* AppDelegate.swift */,
				68F196801C0EBE4A00D96502 /* ViewController.swift */,
				68F196821C0EBE4A00D96502 /* Main.storyboard */,
				68F196851C0EBE4A00D96502 /* Assets.xcassets */,
				68F196871C0EBE4A00D96502 /* LaunchScreen.storyboard */,
				68F1968A1C0EBE4A00D96502 /* Info.plist */,
			);
			path = "MultipleColor-Label";
			sourceTree = "<group>";
		};
/* End PBXGroup section */

/* Begin PBXNativeTarget section */
		68F1967A1C0EBE4A00D96502 /* MultipleColor-Label */ = {
			isa = PBXNativeTarget;
			buildConfigurationList = 68F1968D1C0EBE4A00D96502 /* Build configuration list for PBXNativeTarget "MultipleColor-Label" */;
			buildPhases = (
				68F196771C0EBE4A00D96502 /* Sources */,
				68F196781C0EBE4A00D96502 /* Frameworks */,
				68F196791C0EBE4A00D96502 /* Resources */,
			);
			buildRules = (
			);
			dependencies = (
			);
			name = "MultipleColor-Label";
			productName = "MultipleColor-Label";
			productReference = 68F1967B1C0EBE4A00D96502 /* MultipleColor-Label.app */;
			productType = "com.apple.product-type.application";
		};
/* End PBXNativeTarget section */

/* Begin PBXProject section */
		68F196731C0EBE4A00D96502 /* Project object */ = {
			isa = PBXProject;
			attributes = {
				LastSwiftUpdateCheck = 0710;
				LastUpgradeCheck = 0710;
				ORGANIZATIONNAME = "Nimble Chapps";
				TargetAttributes = {
					68F1967A1C0EBE4A00D96502 = {
						CreatedOnToolsVersion = 7.1;
					};
				};
			};
			buildConfigurationList = 68F196761C0EBE4A00D96502 /* Build configuration list for PBXProject "MultipleColor-Label" */;
			compatibilityVersion = "Xcode 3.2";
			developmentRegion = English;
			hasScannedForEncodings = 0;
			knownRegions = (
				en,
				Base,
			);
			mainGroup = 68F196721C0EBE4A00D96502;
			productRefGroup = 68F1967C1C0EBE4A00D96502 /* Products */;
			projectDirPath = "";
			projectRoot = "";
			targets = (
				68F1967A1C0EBE4A00D96502 /* MultipleColor-Label */,
			);
		};
/* End PBXProject section */

/* Begin PBXResourcesBuildPhase section */
		68F196791C0EBE4A00D96502 /* Resources */ = {
			isa = PBXResourcesBuildPhase;
			buildActionMask = 2147483647;
			files = (
				68F196891C0EBE4A00D96502 /* LaunchScreen.storyboard in Resources */,
				68F196861C0EBE4A00D96502 /* Assets.xcassets in Resources */,
				68F196841C0EBE4A00D96502 /* Main.storyboard in Resources */,
			);
			runOnlyForDeploymentPostprocessing = 0;
		};
/* End PBXResourcesBuildPhase section */

/* Begin PBXSourcesBuildPhase section */
		68F196771C0EBE4A00D96502 /* Sources */ = {
			isa = PBXSourcesBuildPhase;
			buildActionMask = 2147483647;
			files = (
				68F196811C0EBE4A00D96502 /* ViewController.swift in Sources */,
				68F1967F1C0EBE4A00D96502 /* AppDelegate.swift in Sources */,
			);
			runOnlyForDeploymentPostprocessing = 0;
		};
/* End PBXSourcesBuildPhase section */

/* Begin PBXVariantGroup section */
		68F196821C0EBE4A00D96502 /* Main.storyboard */ = {
			isa = PBXVariantGroup;
			children = (
				68F196831C0EBE4A00D96502 /* Base */,
			);
			name = Main.storyboard;
			sourceTree = "<group>";
		};
		68F196871C0EBE4A00D96502 /* LaunchScreen.storyboard */ = {
			isa = PBXVariantGroup;
			children = (
				68F196881C0EBE4A00D96502 /* Base */,
			);
			name = LaunchScreen.storyboard;
			sourceTree = "<group>";
		};
/* End PBXVariantGroup section */

/* Begin XCBuildConfiguration section */
		68F1968B1C0EBE4A00D96502 /* Debug */ = {
			isa = XCBuildConfiguration;
			buildSettings = {
				ALWAYS_SEARCH_USER_PATHS = NO;
				CLANG_CXX_LANGUAGE_STANDARD = "gnu++0x";
				CLANG_CXX_LIBRARY = "libc++";
				CLANG_ENABLE_MODULES = YES;
				CLANG_ENABLE_OBJC_ARC = YES;
				CLANG_WARN_BOOL_CONVERSION = YES;
				CLANG_WARN_CONSTANT_CONVERSION = YES;
				CLANG_WARN_DIRECT_OBJC_ISA_USAGE = YES_ERROR;
				CLANG_WARN_EMPTY_BODY = YES;
				CLANG_WARN_ENUM_CONVERSION = YES;
				CLANG_WARN_INT_CONVERSION = YES;
				CLANG_WARN_OBJC_ROOT_CLASS = YES_ERROR;
				CLANG_WARN_UNREACHABLE_CODE = YES;
				CLANG_WARN__DUPLICATE_METHOD_MATCH = YES;
				"CODE_SIGN_IDENTITY[sdk=iphoneos*]" = "iPhone Developer";
				COPY_PHASE_STRIP = NO;
				DEBUG_INFORMATION_FORMAT = dwarf;
				ENABLE_STRICT_OBJC_MSGSEND = YES;
				ENABLE_TESTABILITY = YES;
				GCC_C_LANGUAGE_STANDARD = gnu99;
				GCC_DYNAMIC_NO_PIC = NO;
				GCC_NO_COMMON_BLOCKS = YES;
				GCC_OPTIMIZATION_LEVEL = 0;
				GCC_PREPROCESSOR_DEFINITIONS = (
					"DEBUG=1",
					"$(inherited)",
				);
				GCC_WARN_64_TO_32_BIT_CONVERSION = YES;
				GCC_WARN_ABOUT_RETURN_TYPE = YES_ERROR;
				GCC_WARN_UNDECLARED_SELECTOR = YES;
				GCC_WARN_UNINITIALIZED_AUTOS = YES_AGGRESSIVE;
				GCC_WARN_UNUSED_FUNCTION = YES;
				GCC_WARN_UNUSED_VARIABLE = YES;
				IPHONEOS_DEPLOYMENT_TARGET = 9.1;
				MTL_ENABLE_DEBUG_INFO = YES;
				ONLY_ACTIVE_ARCH = YES;
				SDKROOT = iphoneos;
				SWIFT_OPTIMIZATION_LEVEL = "-Onone";
			};
			name = Debug;
		};
		68F1968C1C0EBE4A00D96502 /* Release */ = {
			isa = XCBuildConfiguration;
			buildSettings = {
				ALWAYS_SEARCH_USER_PATHS = NO;
				CLANG_CXX_LANGUAGE_STANDARD = "gnu++0x";
				CLANG_CXX_LIBRARY = "libc++";
				CLANG_ENABLE_MODULES = YES;
				CLANG_ENABLE_OBJC_ARC = YES;
				CLANG_WARN_BOOL_CONVERSION = YES;
				CLANG_WARN_CONSTANT_CONVERSION = YES;
				CLANG_WARN_DIRECT_OBJC_ISA_USAGE = YES_ERROR;
				CLANG_WARN_EMPTY_BODY = YES;
				CLANG_WARN_ENUM_CONVERSION = YES;
				CLANG_WARN_INT_CONVERSION = YES;
				CLANG_WARN_OBJC_ROOT_CLASS = YES_ERROR;
				CLANG_WARN_UNREACHABLE_CODE = YES;
				CLANG_WARN__DUPLICATE_METHOD_MATCH = YES;
				"CODE_SIGN_IDENTITY[sdk=iphoneos*]" = "iPhone Developer";
				COPY_PHASE_STRIP = NO;
				DEBUG_INFORMATION_FORMAT = "dwarf-with-dsym";
				ENABLE_NS_ASSERTIONS = NO;
				ENABLE_STRICT_OBJC_MSGSEND = YES;
				GCC_C_LANGUAGE_STANDARD = gnu99;
				GCC_NO_COMMON_BLOCKS = YES;
				GCC_WARN_64_TO_32_BIT_CONVERSION = YES;
				GCC_WARN_ABOUT_RETURN_TYPE = YES_ERROR;
				GCC_WARN_UNDECLARED_SELECTOR = YES;
				GCC_WARN_UNINITIALIZED_AUTOS = YES_AGGRESSIVE;
				GCC_WARN_UNUSED_FUNCTION = YES;
				GCC_WARN_UNUSED_VARIABLE = YES;
				IPHONEOS_DEPLOYMENT_TARGET = 9.1;
				MTL_ENABLE_DEBUG_INFO = NO;
				SDKROOT = iphoneos;
				VALIDATE_PRODUCT = YES;
			};
			name = Release;
		};
		68F1968E1C0EBE4A00D96502 /* Debug */ = {
			isa = XCBuildConfiguration;
			buildSettings = {
				ASSETCATALOG_COMPILER_APPICON_NAME = AppIcon;
				INFOPLIST_FILE = "MultipleColor-Label/Info.plist";
				LD_RUNPATH_SEARCH_PATHS = "$(inherited) @executable_path/Frameworks";
				PRODUCT_BUNDLE_IDENTIFIER = "com.adp.MultipleColor-Label";
				PRODUCT_NAME = "$(TARGET_NAME)";
			};
			name = Debug;
		};
		68F1968F1C0EBE4A00D96502 /* Release */ = {
			isa = XCBuildConfiguration;
			buildSettings = {
				ASSETCATALOG_COMPILER_APPICON_NAME = AppIcon;
				INFOPLIST_FILE = "MultipleColor-Label/Info.plist";
				LD_RUNPATH_SEARCH_PATHS = "$(inherited) @executable_path/Frameworks";
				PRODUCT_BUNDLE_IDENTIFIER = "com.adp.MultipleColor-Label";
				PRODUCT_NAME = "$(TARGET_NAME)";
			};
			name = Release;
		};
/* End XCBuildConfiguration section */

/* Begin XCConfigurationList section */
		68F196761C0EBE4A00D96502 /* Build configuration list for PBXProject "MultipleColor-Label" */ = {
			isa = XCConfigurationList;
			buildConfigurations = (
				68F1968B1C0EBE4A00D96502 /* Debug */,
				68F1968C1C0EBE4A00D96502 /* Release */,
			);
			defaultConfigurationIsVisible = 0;
			defaultConfigurationName = Release;
		};
		68F1968D1C0EBE4A00D96502 /* Build configuration list for PBXNativeTarget "MultipleColor-Label" */ = {
			isa = XCConfigurationList;
			buildConfigurations = (
				68F1968E1C0EBE4A00D96502 /* Debug */,
				68F1968F1C0EBE4A00D96502 /* Release */,
			);
			defaultConfigurationIsVisible = 0;
		};
/* End XCConfigurationList section */
	};
	rootObject = 68F196731C0EBE4A00D96502 /* Project object */;
}
